PODS:
  - Alamofire (5.6.2)
  - AppAuth (1.6.0):
    - AppAuth/Core (= 1.6.0)
    - AppAuth/ExternalUserAgent (= 1.6.0)
  - AppAuth/Core (1.6.0)
  - AppAuth/ExternalUserAgent (1.6.0):
    - AppAuth/Core
  - Braintree (5.11.0):
    - Braintree/Card (= 5.11.0)
    - Braintree/Core (= 5.11.0)
    - Braintree/PayPal (= 5.11.0)
  - Braintree/Card (5.11.0):
    - Braintree/Core
  - Braintree/Core (5.11.0)
  - Braintree/PaymentFlow (5.11.0):
    - Braintree/Core
    - Braintree/PayPalDataCollector
  - Braintree/PayPal (5.11.0):
    - Braintree/Core
    - Braintree/PayPalDataCollector
  - Braintree/PayPalDataCollector (5.11.0)
  - Braintree/ThreeDSecure (5.11.0):
    - Braintree/Card
    - Braintree/PaymentFlow
  - Differentiator (5.0.0)
  - FBAEMKit (14.1.0):
    - FBSDKCoreKit_Basics (= 14.1.0)
  - FBSDKCoreKit (14.1.0):
    - FBAEMKit (= 14.1.0)
    - FBSDKCoreKit_Basics (= 14.1.0)
  - FBSDKCoreKit_Basics (14.1.0)
  - FBSDKLoginKit (14.1.0):
    - FBSDKCoreKit (= 14.1.0)
  - FirebaseABTesting (9.6.0):
    - FirebaseCore (~> 9.0)
  - FirebaseAnalytics (9.3.0):
    - FirebaseAnalytics/AdIdSupport (= 9.3.0)
    - FirebaseCore (~> 9.0)
    - FirebaseInstallations (~> 9.0)
    - GoogleUtilities/AppDelegateSwizzler (~> 7.7)
    - GoogleUtilities/MethodSwizzler (~> 7.7)
    - GoogleUtilities/Network (~> 7.7)
    - "GoogleUtilities/NSData+zlib (~> 7.7)"
    - nanopb (< 2.30910.0, >= 2.30908.0)
  - FirebaseAnalytics/AdIdSupport (9.3.0):
    - FirebaseCore (~> 9.0)
    - FirebaseInstallations (~> 9.0)
    - GoogleAppMeasurement (= 9.3.0)
    - GoogleUtilities/AppDelegateSwizzler (~> 7.7)
    - GoogleUtilities/MethodSwizzler (~> 7.7)
    - GoogleUtilities/Network (~> 7.7)
    - "GoogleUtilities/NSData+zlib (~> 7.7)"
    - nanopb (< 2.30910.0, >= 2.30908.0)
  - FirebaseAuth (9.3.0):
    - FirebaseCore (~> 9.0)
    - GoogleUtilities/AppDelegateSwizzler (~> 7.7)
    - GoogleUtilities/Environment (~> 7.7)
    - GTMSessionFetcher/Core (< 3.0, >= 1.7)
  - FirebaseCore (9.6.0):
    - FirebaseCoreDiagnostics (~> 9.0)
    - FirebaseCoreInternal (~> 9.0)
    - GoogleUtilities/Environment (~> 7.7)
    - GoogleUtilities/Logger (~> 7.7)
  - FirebaseCoreDiagnostics (9.6.0):
    - GoogleDataTransport (< 10.0.0, >= 9.1.4)
    - GoogleUtilities/Environment (~> 7.7)
    - GoogleUtilities/Logger (~> 7.7)
    - nanopb (< 2.30910.0, >= 2.30908.0)
  - FirebaseCoreInternal (9.6.0):
    - "GoogleUtilities/NSData+zlib (~> 7.7)"
  - FirebaseCrashlytics (9.3.0):
    - FirebaseCore (~> 9.0)
    - FirebaseInstallations (~> 9.0)
    - GoogleDataTransport (< 10.0.0, >= 9.1.4)
    - GoogleUtilities/Environment (~> 7.7)
    - nanopb (< 2.30910.0, >= 2.30908.0)
    - PromisesObjC (~> 2.1)
  - FirebaseDynamicLinks (9.3.0):
    - FirebaseCore (~> 9.0)
  - FirebaseInAppMessaging (9.3.0-beta):
    - FirebaseABTesting (~> 9.0)
    - FirebaseCore (~> 9.0)
    - FirebaseInstallations (~> 9.0)
    - GoogleUtilities/Environment (~> 7.7)
    - nanopb (< 2.30910.0, >= 2.30908.0)
  - FirebaseInstallations (9.6.0):
    - FirebaseCore (~> 9.0)
    - GoogleUtilities/Environment (~> 7.7)
    - GoogleUtilities/UserDefaults (~> 7.7)
    - PromisesObjC (~> 2.1)
  - FirebaseMessaging (9.3.0):
    - FirebaseCore (~> 9.0)
    - FirebaseInstallations (~> 9.0)
    - GoogleDataTransport (< 10.0.0, >= 9.1.4)
    - GoogleUtilities/AppDelegateSwizzler (~> 7.7)
    - GoogleUtilities/Environment (~> 7.7)
    - GoogleUtilities/Reachability (~> 7.7)
    - GoogleUtilities/UserDefaults (~> 7.7)
    - nanopb (< 2.30910.0, >= 2.30908.0)
  - FirebasePerformance (9.3.0):
    - FirebaseCore (~> 9.0)
    - FirebaseInstallations (~> 9.0)
    - FirebaseRemoteConfig (~> 9.0)
    - GoogleDataTransport (< 10.0.0, >= 9.1.4)
    - GoogleUtilities/Environment (~> 7.7)
    - GoogleUtilities/ISASwizzler (~> 7.7)
    - GoogleUtilities/MethodSwizzler (~> 7.7)
    - nanopb (< 2.30910.0, >= 2.30908.0)
  - FirebaseRemoteConfig (9.3.0):
    - FirebaseABTesting (~> 9.0)
    - FirebaseCore (~> 9.0)
    - FirebaseInstallations (~> 9.0)
    - GoogleUtilities/Environment (~> 7.7)
    - "GoogleUtilities/NSData+zlib (~> 7.7)"
  - GoogleAppMeasurement (9.3.0):
    - GoogleAppMeasurement/AdIdSupport (= 9.3.0)
    - GoogleUtilities/AppDelegateSwizzler (~> 7.7)
    - GoogleUtilities/MethodSwizzler (~> 7.7)
    - GoogleUtilities/Network (~> 7.7)
    - "GoogleUtilities/NSData+zlib (~> 7.7)"
    - nanopb (< 2.30910.0, >= 2.30908.0)
  - GoogleAppMeasurement/AdIdSupport (9.3.0):
    - GoogleAppMeasurement/WithoutAdIdSupport (= 9.3.0)
    - GoogleUtilities/AppDelegateSwizzler (~> 7.7)
    - GoogleUtilities/MethodSwizzler (~> 7.7)
    - GoogleUtilities/Network (~> 7.7)
    - "GoogleUtilities/NSData+zlib (~> 7.7)"
    - nanopb (< 2.30910.0, >= 2.30908.0)
  - GoogleAppMeasurement/WithoutAdIdSupport (9.3.0):
    - GoogleUtilities/AppDelegateSwizzler (~> 7.7)
    - GoogleUtilities/MethodSwizzler (~> 7.7)
    - GoogleUtilities/Network (~> 7.7)
    - "GoogleUtilities/NSData+zlib (~> 7.7)"
    - nanopb (< 2.30910.0, >= 2.30908.0)
  - GoogleDataTransport (9.2.0):
    - GoogleUtilities/Environment (~> 7.7)
    - nanopb (< 2.30910.0, >= 2.30908.0)
    - PromisesObjC (< 3.0, >= 1.2)
  - GoogleMaps (7.0.0):
    - GoogleMaps/Maps (= 7.0.0)
  - GoogleMaps/Base (7.0.0)
  - GoogleMaps/Maps (7.0.0):
    - GoogleMaps/Base
  - GoogleMLKit/MLKitCore (3.1.0):
    - MLKitCommon (~> 7.0.0)
  - GoogleMLKit/TextRecognition (3.1.0):
    - GoogleMLKit/MLKitCore
    - MLKitTextRecognition (~> 1.4.0-beta5)
  - GooglePlaces (7.0.0)
  - GoogleSignIn (6.2.2):
    - AppAuth (~> 1.5)
    - GTMAppAuth (~> 1.3)
    - GTMSessionFetcher/Core (~> 1.1)
  - GoogleToolboxForMac/DebugUtils (2.3.2):
    - GoogleToolboxForMac/Defines (= 2.3.2)
  - GoogleToolboxForMac/Defines (2.3.2)
  - GoogleToolboxForMac/Logger (2.3.2):
    - GoogleToolboxForMac/Defines (= 2.3.2)
  - "GoogleToolboxForMac/NSData+zlib (2.3.2)":
    - GoogleToolboxForMac/Defines (= 2.3.2)
  - "GoogleToolboxForMac/NSDictionary+URLArguments (2.3.2)":
    - GoogleToolboxForMac/DebugUtils (= 2.3.2)
    - GoogleToolboxForMac/Defines (= 2.3.2)
    - "GoogleToolboxForMac/NSString+URLArguments (= 2.3.2)"
  - "GoogleToolboxForMac/NSString+URLArguments (2.3.2)"
  - GoogleUtilities/AppDelegateSwizzler (7.10.0):
    - GoogleUtilities/Environment
    - GoogleUtilities/Logger
    - GoogleUtilities/Network
  - GoogleUtilities/Environment (7.10.0):
    - PromisesObjC (< 3.0, >= 1.2)
  - GoogleUtilities/ISASwizzler (7.10.0)
  - GoogleUtilities/Logger (7.10.0):
    - GoogleUtilities/Environment
  - GoogleUtilities/MethodSwizzler (7.10.0):
    - GoogleUtilities/Logger
  - GoogleUtilities/Network (7.10.0):
    - GoogleUtilities/Logger
    - "GoogleUtilities/NSData+zlib"
    - GoogleUtilities/Reachability
  - "GoogleUtilities/NSData+zlib (7.10.0)"
  - GoogleUtilities/Reachability (7.10.0):
    - GoogleUtilities/Logger
  - GoogleUtilities/UserDefaults (7.10.0):
    - GoogleUtilities/Logger
  - GoogleUtilitiesComponents (1.1.0):
    - GoogleUtilities/Logger
  - GTMAppAuth (1.3.1):
    - AppAuth/Core (~> 1.6)
    - GTMSessionFetcher/Core (< 3.0, >= 1.5)
  - GTMSessionFetcher/Core (1.7.2)
  - KeychainAccess (4.2.2)
  - MLImage (1.0.0-beta3)
  - MLKitCommon (7.0.0):
    - GoogleDataTransport (~> 9.0)
    - GoogleToolboxForMac/Logger (~> 2.1)
    - "GoogleToolboxForMac/NSData+zlib (~> 2.1)"
    - "GoogleToolboxForMac/NSDictionary+URLArguments (~> 2.1)"
    - GoogleUtilities/UserDefaults (~> 7.0)
    - GoogleUtilitiesComponents (~> 1.0)
    - GTMSessionFetcher/Core (~> 1.1)
    - Protobuf (~> 3.12)
  - MLKitTextRecognition (1.4.0-beta5):
    - MLKitCommon (~> 7.0)
    - MLKitTextRecognitionCommon (= 1.0.0-beta5)
    - MLKitVision (~> 4.1)
  - MLKitTextRecognitionCommon (1.0.0-beta5):
    - MLKitCommon (~> 7.0)
    - MLKitVision (~> 4.1)
  - MLKitVision (4.1.0):
    - GoogleToolboxForMac/Logger (~> 2.1)
    - "GoogleToolboxForMac/NSData+zlib (~> 2.1)"
    - GTMSessionFetcher/Core (~> 1.1)
    - MLImage (= 1.0.0-beta3)
    - MLKitCommon (~> 7.0)
    - Protobuf (~> 3.12)
  - Mobilisten (4.2.1)
  - nanopb (2.30909.0):
    - nanopb/decode (= 2.30909.0)
    - nanopb/encode (= 2.30909.0)
  - nanopb/decode (2.30909.0)
  - nanopb/encode (2.30909.0)
  - OpenTok (2.23.1):
    - VonageWebRTC (= 84.0.21)
  - PromisesObjC (2.1.1)
  - Protobuf (3.21.11)
  - RxCocoa (6.5.0):
    - RxRelay (= 6.5.0)
    - RxSwift (= 6.5.0)
  - RxDataSources (5.0.0):
    - Differentiator (~> 5.0)
    - RxCocoa (~> 6.0)
    - RxSwift (~> 6.0)
  - RxRelay (6.5.0):
    - RxSwift (= 6.5.0)
  - RxSwift (6.5.0)
  - RxSwiftExt (6.0.1):
    - RxSwiftExt/Core (= 6.0.1)
    - RxSwiftExt/RxCocoa (= 6.0.1)
  - RxSwiftExt/Core (6.0.1):
    - RxSwift (~> 6.0)
  - RxSwiftExt/RxCocoa (6.0.1):
    - RxCocoa (~> 6.0)
    - RxSwiftExt/Core
  - Shallows (0.10.0)
  - SwiftGen (6.6.2)
  - VonageWebRTC (84.0.21)
  - ZDChat (2.1.1)
  - ZDThemeKit (1.1)
  - ZohoDeskPortalAPIKit (2.1.3)
  - ZohoDeskPortalChat (2.1.3):
    - Mobilisten (= 4.2.1)
    - ZDThemeKit (= 1.1)
    - ZohoDeskPortalAPIKit (= 2.1.3)
    - ZohoDeskPortalConfiguration (= 2.1.3)
  - ZohoDeskPortalCommunity (2.1.3):
    - ZDThemeKit (= 1.1)
    - ZohoDeskPortalAPIKit (= 2.1.3)
    - ZohoDeskPortalConfiguration (= 2.1.3)
  - ZohoDeskPortalConfiguration (2.1.3):
    - ZDThemeKit (= 1.1)
    - ZohoDeskPortalAPIKit (= 2.1.3)
  - ZohoDeskPortalCore (2.1.3):
    - ZDChat (= 2.1.1)
    - ZDThemeKit (= 1.1)
    - ZohoDeskPortalAPIKit (= 2.1.3)
    - ZohoDeskPortalCommunity (= 2.1.3)
    - ZohoDeskPortalConfiguration (= 2.1.3)
    - ZohoDeskPortalKB (= 2.1.3)
    - ZohoDeskPortalLiveChat (= 2.1.3)
    - ZohoDeskPortalTicket (= 2.1.3)
    - ZohoPubSubSDK (= 1.2.0)
  - ZohoDeskPortalKB (2.1.3):
    - ZDThemeKit (= 1.1)
    - ZohoDeskPortalAPIKit (= 2.1.3)
    - ZohoDeskPortalConfiguration (= 2.1.3)
  - ZohoDeskPortalLiveChat (2.1.3):
    - ZDChat (= 2.1.1)
    - ZDThemeKit (= 1.1)
    - ZohoDeskPortalAPIKit (= 2.1.3)
    - ZohoDeskPortalConfiguration (= 2.1.3)
    - ZohoPubSubSDK (= 1.2.0)
  - ZohoDeskPortalServices (2.1.3):
    - Mobilisten (= 4.2.1)
    - ZDChat (= 2.1.1)
    - ZDThemeKit (= 1.1)
    - ZohoDeskPortalAPIKit (= 2.1.3)
    - ZohoDeskPortalChat (= 2.1.3)
    - ZohoDeskPortalCommunity (= 2.1.3)
    - ZohoDeskPortalConfiguration (= 2.1.3)
    - ZohoDeskPortalCore (= 2.1.3)
    - ZohoDeskPortalKB (= 2.1.3)
    - ZohoDeskPortalLiveChat (= 2.1.3)
    - ZohoDeskPortalTicket (= 2.1.3)
    - ZohoPubSubSDK (= 1.2.0)
  - ZohoDeskPortalTicket (2.1.3):
    - ZDThemeKit (= 1.1)
    - ZohoDeskPortalAPIKit (= 2.1.3)
    - ZohoDeskPortalConfiguration (= 2.1.3)
  - ZohoPubSubSDK (1.2.0)

DEPENDENCIES:
  - Alamofire (= 5.6.2)
  - Braintree (= 5.11.0)
  - Braintree/ThreeDSecure (= 5.11.0)
  - FBSDKCoreKit (= 14.1.0)
  - FBSDKLoginKit (= 14.1.0)
  - FirebaseAnalytics (= 9.3.0)
  - FirebaseAuth (= 9.3.0)
  - FirebaseCrashlytics (= 9.3.0)
  - FirebaseDynamicLinks (= 9.3.0)
  - FirebaseInAppMessaging (= 9.3.0-beta)
  - FirebaseMessaging (= 9.3.0)
  - FirebasePerformance (= 9.3.0)
  - FirebaseRemoteConfig (= 9.3.0)
  - GoogleMaps (= 7.0.0)
  - GoogleMLKit/TextRecognition (= 3.1.0)
  - GooglePlaces (= 7.0.0)
  - GoogleSignIn (= 6.2.2)
  - KeychainAccess (= 4.2.2)
  - OpenTok (= 2.23.1)
  - RxCocoa (= 6.5.0)
  - RxDataSources (= 5.0.0)
  - RxSwift (= 6.5.0)
  - RxSwiftExt (= 6.0.1)
  - Shallows (= 0.10.0)
  - SwiftGen (= 6.6.2)
  - ZohoDeskPortalServices (= 2.1.3)

SPEC REPOS:
  trunk:
    - Alamofire
    - AppAuth
    - Braintree
    - Differentiator
    - FBAEMKit
    - FBSDKCoreKit
    - FBSDKCoreKit_Basics
    - FBSDKLoginKit
    - FirebaseABTesting
    - FirebaseAnalytics
    - FirebaseAuth
    - FirebaseCore
    - FirebaseCoreDiagnostics
    - FirebaseCoreInternal
    - FirebaseCrashlytics
    - FirebaseDynamicLinks
    - FirebaseInAppMessaging
    - FirebaseInstallations
    - FirebaseMessaging
    - FirebasePerformance
    - FirebaseRemoteConfig
    - GoogleAppMeasurement
    - GoogleDataTransport
    - GoogleMaps
    - GoogleMLKit
    - GooglePlaces
    - GoogleSignIn
    - GoogleToolboxForMac
    - GoogleUtilities
    - GoogleUtilitiesComponents
    - GTMAppAuth
    - GTMSessionFetcher
    - KeychainAccess
    - MLImage
    - MLKitCommon
    - MLKitTextRecognition
    - MLKitTextRecognitionCommon
    - MLKitVision
    - Mobilisten
    - nanopb
    - OpenTok
    - PromisesObjC
    - Protobuf
    - RxCocoa
    - RxDataSources
    - RxRelay
    - RxSwift
    - RxSwiftExt
    - Shallows
    - SwiftGen
    - VonageWebRTC
    - ZDChat
    - ZDThemeKit
    - ZohoDeskPortalAPIKit
    - ZohoDeskPortalChat
    - ZohoDeskPortalCommunity
    - ZohoDeskPortalConfiguration
    - ZohoDeskPortalCore
    - ZohoDeskPortalKB
    - ZohoDeskPortalLiveChat
    - ZohoDeskPortalServices
    - ZohoDeskPortalTicket
    - ZohoPubSubSDK

SPEC CHECKSUMS:
  Alamofire: d368e1ff8a298e6dde360e35a3e68e6c610e7204
  AppAuth: 8fca6b5563a5baef2c04bee27538025e4ceb2add
  Braintree: e8cad500b9cbb1b31bd85c18814a569dcac5ff5c
  Differentiator: e8497ceab83c1b10ca233716d547b9af21b9344d
  FBAEMKit: a899515e45476027f73aef377b5cffadcd56ca3a
  FBSDKCoreKit: 24f8bc8d3b5b2a8c5c656a1329492a12e8efa792
  FBSDKCoreKit_Basics: 6e578c9bdc7aa1365dbbbde633c9ebb536bcaa98
  FBSDKLoginKit: 787de205d524c3a4b17d527916f1d066e4361660
  FirebaseABTesting: 61826730ce9eee8781ba99a2b3420e9bce148dc9
  FirebaseAnalytics: bf46f5163f44097ce2c789de0b3e6f87f1da834a
  FirebaseAuth: 9ebc3577fe0acf9092df21ac314024b70aebf21e
  FirebaseCore: 2082fffcd855f95f883c0a1641133eb9bbe76d40
  FirebaseCoreDiagnostics: 99a495094b10a57eeb3ae8efa1665700ad0bdaa6
  FirebaseCoreInternal: bca76517fe1ed381e989f5e7d8abb0da8d85bed3
  FirebaseCrashlytics: 65a5b349e664e986e6c7486b0a9b5ed8c11d0491
  FirebaseDynamicLinks: af0acc2d1fa117a074e84a3c06a1d9f817443490
  FirebaseInAppMessaging: 955fdc1506f4645984c7b02098ab29e802c3c6b8
  FirebaseInstallations: 0a115432c4e223c5ab20b0dbbe4cbefa793a0e8e
  FirebaseMessaging: 2f6e38b6133059eb796ec224104f09379298a8c3
  FirebasePerformance: 18bb0984808ec429fae69fb5f1da4a68f57605b1
  FirebaseRemoteConfig: 0a644c924b3339bcf3bc3ea253206f171672308e
  GoogleAppMeasurement: b907bdad775b6975a8108762345b2cfbf1a93c37
  GoogleDataTransport: 1c8145da7117bd68bbbed00cf304edb6a24de00f
  GoogleMaps: 6e9c923ca035989709fcb5771544fda4cc5fa2a4
  GoogleMLKit: 9d072522949ff0ef4dae5359feaf3db2ef2fa658
  GooglePlaces: 8dba710bed6160a2e4b85e84aaafdbcc0b4010d8
  GoogleSignIn: 3c68388ac221f379676e8f1cb115df3aaf73b93f
  GoogleToolboxForMac: 8bef7c7c5cf7291c687cf5354f39f9db6399ad34
  GoogleUtilities: bad72cb363809015b1f7f19beb1f1cd23c589f95
  GoogleUtilitiesComponents: 679b2c881db3b615a2777504623df6122dd20afe
  GTMAppAuth: 0ff230db599948a9ad7470ca667337803b3fc4dd
  GTMSessionFetcher: 5595ec75acf5be50814f81e9189490412bad82ba
  KeychainAccess: c0c4f7f38f6fc7bbe58f5702e25f7bd2f65abf51
  MLImage: 489dfec109f21da8621b28d476401aaf7a0d4ff4
  MLKitCommon: 20f4aca0ec2bb37cef2b9c211b50586817bac5d3
  MLKitTextRecognition: 46c6574e7db6452f5a426312c04a794c82d6fcf0
  MLKitTextRecognitionCommon: 9f66172593cedc9654d56bf9b3d1044c054e2c41
  MLKitVision: 639a171d937241f3fcf92bc1b3ef8f179f49916c
  Mobilisten: 3c94cb5d6dcb1dbd1360a2aeeacf7c26e3b27329
  nanopb: b552cce312b6c8484180ef47159bc0f65a1f0431
  OpenTok: 1d5737dd4df87cc77094adeaeb3b82b25a23ed3e
  PromisesObjC: ab77feca74fa2823e7af4249b8326368e61014cb
  Protobuf: 3acb308a1e208605afd50866b98ec220141bcb8c
  RxCocoa: 94f817b71c07517321eb4f9ad299112ca8af743b
  RxDataSources: aa47cc1ed6c500fa0dfecac5c979b723542d79cf
  RxRelay: 1de1523e604c72b6c68feadedd1af3b1b4d0ecbd
  RxSwift: 5710a9e6b17f3c3d6e40d6e559b9fa1e813b2ef8
  RxSwiftExt: d61c4b9b06e0a448041b1c659e0f1b5c5a035afc
  Shallows: be3882d8ecf8b1e8b71deae8b1cb74173cf3e355
  SwiftGen: 1366a7f71aeef49954ca5a63ba4bef6b0f24138c
  VonageWebRTC: cfa7aefc3fe6e95bcbd778e8973af90fe9bfd497
  ZDChat: d04ccf3b5e68c8c12d60d6125c778407cb9a126b
  ZDThemeKit: ceea7c1ac8d90810a74c23db9f46f649e626f03b
  ZohoDeskPortalAPIKit: eab3c9e1c133fd528fa9916c353d3668208fd9c8
  ZohoDeskPortalChat: 6b0e5366821ccb8d81de9e8583dde72024ebf01f
  ZohoDeskPortalCommunity: c66e8a51fa1884bbb8e183eebf0ba672d0d510a7
  ZohoDeskPortalConfiguration: e8ec0e0cbd5545219570897fb4c8f86f2e1ba155
  ZohoDeskPortalCore: 78b1ff52f24593e12ecd7db3eeccc0037d5635ac
  ZohoDeskPortalKB: 0172744c9a080103d633c5d3b8d5f4ce4e22d86f
  ZohoDeskPortalLiveChat: 8498dc4b62ae331a815b02e703069f9e9508947a
  ZohoDeskPortalServices: 8eb77ed60b1579d59fc574610ea870906855272d
  ZohoDeskPortalTicket: f1e91220e5627004d2912ad427f6ac3dc813bc4a
  ZohoPubSubSDK: a82c3c493b9e0849df15093203b2c1b5a95dfac6

PODFILE CHECKSUM: 7bdaef5bd21c2e2a5263f1ac10136ed84c36861f

COCOAPODS: 1.11.3
